PODS:
  - Hue (1.2.0)
  - ImagePicker (1.4.1)
  - Lightbox (1.0.0):
    - Hue
    - Sugar
  - Sugar (1.2.0)

DEPENDENCIES:
  - Hue (from `https://github.com/hyperoslo/Hue.git`, branch `swift3`)
  - ImagePicker (from `../../`)
  - Lightbox (from `https://github.com/hyperoslo/Lightbox.git`, branch `swift-3`)
  - Sugar (from `https://github.com/hyperoslo/Sugar.git`, branch `swift-3`)

EXTERNAL SOURCES:
  Hue:
    :branch: swift3
    :git: https://github.com/hyperoslo/Hue.git
  ImagePicker:
    :path: "../../"
  Lightbox:
    :branch: swift-3
    :git: https://github.com/hyperoslo/Lightbox.git
  Sugar:
    :branch: swift-3
    :git: https://github.com/hyperoslo/Sugar.git

CHECKOUT OPTIONS:
  Hue:
    :commit: c21ca81d4fa002309f8f8f554317bf9ec3167365
    :git: https://github.com/hyperoslo/Hue.git
  Lightbox:
    :commit: a6119a3cc0b2b582849f7138637f837e817ee71e
    :git: https://github.com/hyperoslo/Lightbox.git
  Sugar:
    :commit: d35ee6d26729cdedf4c1bc87f086c59d9e6fb279
    :git: https://github.com/hyperoslo/Sugar.git

SPEC CHECKSUMS:
  Hue: 0705083b7aff40334033373e6293ec1215285ac2
  ImagePicker: c2b43f5201f34efb3459ac6af39992fdd802c2d4
  Lightbox: 6deb5fc2c51f353212631470c4c689bc5120598c
  Sugar: 556b623f0f8846cf08de7302701892f11d567419

PODFILE CHECKSUM: 862923f408ecd3189d99edd15056d3971d80db4c

COCOAPODS: 1.1.0.rc.2
