PODS:
  - Hue (1.2.0)
  - ImagePicker (2.0.0)
  - Lightbox (1.0.0):
    - Hue
    - Sugar
  - Sugar (3.1.2)

DEPENDENCIES:
  - Hue (from `https://github.com/hyperoslo/Hue.git`, branch `swift3`)
  - ImagePicker (from `../../`)
  - Lightbox (from `https://github.com/hyperoslo/Lightbox.git`, branch `swift-3`)
  - Sugar (from `https://github.com/hyperoslo/Sugar.git`, branch `master`)

EXTERNAL SOURCES:
  Hue:
    :branch: swift3
    :git: https://github.com/hyperoslo/Hue.git
  ImagePicker:
    :path: "../../"
  Lightbox:
    :branch: swift-3
    :git: https://github.com/hyperoslo/Lightbox.git
  Sugar:
    :branch: master
    :git: https://github.com/hyperoslo/Sugar.git

CHECKOUT OPTIONS:
  Hue:
    :commit: 3303cbcdf0f771aea1a6d1a153e4b95eef8696eb
    :git: https://github.com/hyperoslo/Hue.git
  Lightbox:
    :commit: 04437d8450a5ccc92af7e9bd08027bdced9fb589
    :git: https://github.com/hyperoslo/Lightbox.git
  Sugar:
    :commit: 41e0f1e92bfd29b805fa74f87444975ca2976887
    :git: https://github.com/hyperoslo/Sugar.git

SPEC CHECKSUMS:
  Hue: 0705083b7aff40334033373e6293ec1215285ac2
  ImagePicker: 036ad79e41064dea59e1b0f9b913174a17656089
  Lightbox: e4523e8cf3261cbc833d0e76ae4dae774731d115
  Sugar: 41f2efa0244806f524ff2d77c951a6a43e81a0f3

PODFILE CHECKSUM: aabd6946b20683e97c4940a3ab1e5aad181462fd

COCOAPODS: 1.2.0
